
Microsoft Visual Studio Solution File, Format Version 12.00
# Visual Studio 15
VisualStudioVersion = 15.0.26730.16
MinimumVisualStudioVersion = 10.0.40219.1
Project("{FAE04EC0-301F-11D3-BF4B-00C04F79EFBC}") = "UnityFx.AppStates", "UnityFx.AppStates.csproj", "{C7D875E0-B7DE-4F90-9931-2D879B1CE32E}"
EndProject
Global
	GlobalSection(SolutionConfigurationPlatforms) = preSolution
		Debug|Any CPU = Debug|Any CPU
		Release|Any CPU = Release|Any CPU
	EndGlobalSection
	GlobalSection(ProjectConfigurationPlatforms) = postSolution
		{C7D875E0-B7DE-4F90-9931-2D879B1CE32E}.Debug|Any CPU.ActiveCfg = Debug|Any CPU
		{C7D875E0-B7DE-4F90-9931-2D879B1CE32E}.Debug|Any CPU.Build.0 = Debug|Any CPU
		{C7D875E0-B7DE-4F90-9931-2D879B1CE32E}.Release|Any CPU.ActiveCfg = Release|Any CPU
		{C7D875E0-B7DE-4F90-9931-2D879B1CE32E}.Release|Any CPU.Build.0 = Release|Any CPU
	EndGlobalSection
	GlobalSection(SolutionProperties) = preSolution
		HideSolutionNode = FALSE
	EndGlobalSection
	GlobalSection(ExtensibilityGlobals) = postSolution
		SolutionGuid = {CE40B209-2035-48AF-B5F1-FA064CECE92A}
	EndGlobalSection
EndGlobal
